// !$*UTF8*$!
{
	archiveVersion = 1;
	classes = {
	};
	objectVersion = 56;
	objects = {

/* Begin PBXBuildFile section */
		EC0CBD482BFCE6AC009B44EB /* PanasDingin_Phone_AppApp.swift in Sources */ = {isa = PBXBuildFile; fileRef = EC0CBD472BFCE6AC009B44EB /* PanasDingin_Phone_AppApp.swift */; };
		EC0CBD4A2BFCE6AC009B44EB /* ContentView.swift in Sources */ = {isa = PBXBuildFile; fileRef = EC0CBD492BFCE6AC009B44EB /* ContentView.swift */; };
		EC0CBD4C2BFCE6AE009B44EB /* Assets.xcassets in Resources */ = {isa = PBXBuildFile; fileRef = EC0CBD4B2BFCE6AE009B44EB /* Assets.xcassets */; };
		EC0CBD4F2BFCE6AE009B44EB /* Preview Assets.xcassets in Resources */ = {isa = PBXBuildFile; fileRef = EC0CBD4E2BFCE6AE009B44EB /* Preview Assets.xcassets */; };
		EC0CBD532BFCE6F2009B44EB /* PeripheralManager.swift in Sources */ = {isa = PBXBuildFile; fileRef = EC0CBD3F2BFCA3EA009B44EB /* PeripheralManager.swift */; };
		EC0CBD732C02DCBB009B44EB /* PanasDingin_Mac_AppApp.swift in Sources */ = {isa = PBXBuildFile; fileRef = EC0CBD722C02DCBB009B44EB /* PanasDingin_Mac_AppApp.swift */; };
		EC0CBD752C02DCBB009B44EB /* ContentView.swift in Sources */ = {isa = PBXBuildFile; fileRef = EC0CBD742C02DCBB009B44EB /* ContentView.swift */; };
		EC0CBD772C02DCBC009B44EB /* Assets.xcassets in Resources */ = {isa = PBXBuildFile; fileRef = EC0CBD762C02DCBC009B44EB /* Assets.xcassets */; };
		EC0CBD7A2C02DCBC009B44EB /* Preview Assets.xcassets in Resources */ = {isa = PBXBuildFile; fileRef = EC0CBD792C02DCBC009B44EB /* Preview Assets.xcassets */; };
		EC0CBD802C02DD0E009B44EB /* HiderPeripheralManager.swift in Sources */ = {isa = PBXBuildFile; fileRef = EC0CBD7F2C02DD0E009B44EB /* HiderPeripheralManager.swift */; };
		EC0CBD822C033BF5009B44EB /* SeekerView.swift in Sources */ = {isa = PBXBuildFile; fileRef = EC0CBD812C033BF4009B44EB /* SeekerView.swift */; };
		EC0CBD842C033C22009B44EB /* HiderView.swift in Sources */ = {isa = PBXBuildFile; fileRef = EC0CBD832C033C22009B44EB /* HiderView.swift */; };
		EC0CBD902C037376009B44EB /* UUID.swift in Sources */ = {isa = PBXBuildFile; fileRef = EC0CBD8F2C037376009B44EB /* UUID.swift */; };
		EC0CBD942C037C20009B44EB /* SeekerView.swift in Sources */ = {isa = PBXBuildFile; fileRef = EC0CBD932C037C20009B44EB /* SeekerView.swift */; };
		EC0CBD962C037C38009B44EB /* HiderView.swift in Sources */ = {isa = PBXBuildFile; fileRef = EC0CBD952C037C38009B44EB /* HiderView.swift */; };
		EC0CBD992C037C4A009B44EB /* UUID.swift in Sources */ = {isa = PBXBuildFile; fileRef = EC0CBD982C037C4A009B44EB /* UUID.swift */; };
		EC0CBD9B2C037C62009B44EB /* CentralManager.swift in Sources */ = {isa = PBXBuildFile; fileRef = EC0CBD9A2C037C62009B44EB /* CentralManager.swift */; };
		EC0CBDA52C039986009B44EB /* Lose.mp3 in Resources */ = {isa = PBXBuildFile; fileRef = EC0CBDA42C039986009B44EB /* Lose.mp3 */; };
		EC0CBDA72C039994009B44EB /* Lose.mp3 in Resources */ = {isa = PBXBuildFile; fileRef = EC0CBDA62C039994009B44EB /* Lose.mp3 */; };
		EC828BF82BF4BEEF009A4E89 /* PanasDingin Watch App.app in Embed Watch Content */ = {isa = PBXBuildFile; fileRef = EC828BF72BF4BEEF009A4E89 /* PanasDingin Watch App.app */; settings = {ATTRIBUTES = (RemoveHeadersOnCopy, ); }; };
		EC828BFD2BF4BEEF009A4E89 /* PanasDinginApp.swift in Sources */ = {isa = PBXBuildFile; fileRef = EC828BFC2BF4BEEF009A4E89 /* PanasDinginApp.swift */; };
		EC828BFF2BF4BEEF009A4E89 /* ContentView.swift in Sources */ = {isa = PBXBuildFile; fileRef = EC828BFE2BF4BEEF009A4E89 /* ContentView.swift */; };
		EC828C012BF4BEF0009A4E89 /* Assets.xcassets in Resources */ = {isa = PBXBuildFile; fileRef = EC828C002BF4BEF0009A4E89 /* Assets.xcassets */; };
		EC828C042BF4BEF0009A4E89 /* Preview Assets.xcassets in Resources */ = {isa = PBXBuildFile; fileRef = EC828C032BF4BEF0009A4E89 /* Preview Assets.xcassets */; };
		EC828C392BFB4702009A4E89 /* CentralManager.swift in Sources */ = {isa = PBXBuildFile; fileRef = EC828C382BFB4702009A4E89 /* CentralManager.swift */; };
		EC828C3B2BFB473A009A4E89 /* PeripheralManager.swift in Sources */ = {isa = PBXBuildFile; fileRef = EC828C3A2BFB473A009A4E89 /* PeripheralManager.swift */; };
/* End PBXBuildFile section */

/* Begin PBXContainerItemProxy section */
		EC828BF92BF4BEEF009A4E89 /* PBXContainerItemProxy */ = {
			isa = PBXContainerItemProxy;
			containerPortal = EC828BEB2BF4BEEF009A4E89 /* Project object */;
			proxyType = 1;
			remoteGlobalIDString = EC828BF62BF4BEEF009A4E89;
			remoteInfo = "PanasDingin Watch App";
		};
/* End PBXContainerItemProxy section */

/* Begin PBXCopyFilesBuildPhase section */
		EC828C0A2BF4BEF0009A4E89 /* Embed Watch Content */ = {
			isa = PBXCopyFilesBuildPhase;
			buildActionMask = 2147483647;
			dstPath = "$(CONTENTS_FOLDER_PATH)/Watch";
			dstSubfolderSpec = 16;
			files = (
				EC828BF82BF4BEEF009A4E89 /* PanasDingin Watch App.app in Embed Watch Content */,
			);
			name = "Embed Watch Content";
			runOnlyForDeploymentPostprocessing = 0;
		};
/* End PBXCopyFilesBuildPhase section */

/* Begin PBXFileReference section */
		EC0CBD3F2BFCA3EA009B44EB /* PeripheralManager.swift */ = {isa = PBXFileReference; lastKnownFileType = sourcecode.swift; path = PeripheralManager.swift; sourceTree = "<group>"; };
		EC0CBD452BFCE6AC009B44EB /* PanasDingin Phone App.app */ = {isa = PBXFileReference; explicitFileType = wrapper.application; includeInIndex = 0; path = "PanasDingin Phone App.app"; sourceTree = BUILT_PRODUCTS_DIR; };
		EC0CBD472BFCE6AC009B44EB /* PanasDingin_Phone_AppApp.swift */ = {isa = PBXFileReference; lastKnownFileType = sourcecode.swift; path = PanasDingin_Phone_AppApp.swift; sourceTree = "<group>"; };
		EC0CBD492BFCE6AC009B44EB /* ContentView.swift */ = {isa = PBXFileReference; lastKnownFileType = sourcecode.swift; path = ContentView.swift; sourceTree = "<group>"; };
		EC0CBD4B2BFCE6AE009B44EB /* Assets.xcassets */ = {isa = PBXFileReference; lastKnownFileType = folder.assetcatalog; path = Assets.xcassets; sourceTree = "<group>"; };
		EC0CBD4E2BFCE6AE009B44EB /* Preview Assets.xcassets */ = {isa = PBXFileReference; lastKnownFileType = folder.assetcatalog; path = "Preview Assets.xcassets"; sourceTree = "<group>"; };
		EC0CBD702C02DCBB009B44EB /* PanasDingin Mac App.app */ = {isa = PBXFileReference; explicitFileType = wrapper.application; includeInIndex = 0; path = "PanasDingin Mac App.app"; sourceTree = BUILT_PRODUCTS_DIR; };
		EC0CBD722C02DCBB009B44EB /* PanasDingin_Mac_AppApp.swift */ = {isa = PBXFileReference; lastKnownFileType = sourcecode.swift; path = PanasDingin_Mac_AppApp.swift; sourceTree = "<group>"; };
		EC0CBD742C02DCBB009B44EB /* ContentView.swift */ = {isa = PBXFileReference; lastKnownFileType = sourcecode.swift; path = ContentView.swift; sourceTree = "<group>"; };
		EC0CBD762C02DCBC009B44EB /* Assets.xcassets */ = {isa = PBXFileReference; lastKnownFileType = folder.assetcatalog; path = Assets.xcassets; sourceTree = "<group>"; };
		EC0CBD792C02DCBC009B44EB /* Preview Assets.xcassets */ = {isa = PBXFileReference; lastKnownFileType = folder.assetcatalog; path = "Preview Assets.xcassets"; sourceTree = "<group>"; };
		EC0CBD7B2C02DCBC009B44EB /* PanasDingin_Mac_App.entitlements */ = {isa = PBXFileReference; lastKnownFileType = text.plist.entitlements; path = PanasDingin_Mac_App.entitlements; sourceTree = "<group>"; };
		EC0CBD7F2C02DD0E009B44EB /* HiderPeripheralManager.swift */ = {isa = PBXFileReference; lastKnownFileType = sourcecode.swift; path = HiderPeripheralManager.swift; sourceTree = "<group>"; };
		EC0CBD812C033BF4009B44EB /* SeekerView.swift */ = {isa = PBXFileReference; lastKnownFileType = sourcecode.swift; path = SeekerView.swift; sourceTree = "<group>"; };
		EC0CBD832C033C22009B44EB /* HiderView.swift */ = {isa = PBXFileReference; lastKnownFileType = sourcecode.swift; path = HiderView.swift; sourceTree = "<group>"; };
		EC0CBD8F2C037376009B44EB /* UUID.swift */ = {isa = PBXFileReference; lastKnownFileType = sourcecode.swift; path = UUID.swift; sourceTree = "<group>"; };
		EC0CBD932C037C20009B44EB /* SeekerView.swift */ = {isa = PBXFileReference; lastKnownFileType = sourcecode.swift; path = SeekerView.swift; sourceTree = "<group>"; };
		EC0CBD952C037C38009B44EB /* HiderView.swift */ = {isa = PBXFileReference; lastKnownFileType = sourcecode.swift; path = HiderView.swift; sourceTree = "<group>"; };
		EC0CBD982C037C4A009B44EB /* UUID.swift */ = {isa = PBXFileReference; lastKnownFileType = sourcecode.swift; path = UUID.swift; sourceTree = "<group>"; };
		EC0CBD9A2C037C62009B44EB /* CentralManager.swift */ = {isa = PBXFileReference; lastKnownFileType = sourcecode.swift; path = CentralManager.swift; sourceTree = "<group>"; };
		EC0CBDA42C039986009B44EB /* Lose.mp3 */ = {isa = PBXFileReference; lastKnownFileType = audio.mp3; path = Lose.mp3; sourceTree = "<group>"; };
		EC0CBDA62C039994009B44EB /* Lose.mp3 */ = {isa = PBXFileReference; lastKnownFileType = audio.mp3; path = Lose.mp3; sourceTree = "<group>"; };
		EC828BF12BF4BEEF009A4E89 /* PanasDingin.app */ = {isa = PBXFileReference; explicitFileType = wrapper.application; includeInIndex = 0; path = PanasDingin.app; sourceTree = BUILT_PRODUCTS_DIR; };
		EC828BF72BF4BEEF009A4E89 /* PanasDingin Watch App.app */ = {isa = PBXFileReference; explicitFileType = wrapper.application; includeInIndex = 0; path = "PanasDingin Watch App.app"; sourceTree = BUILT_PRODUCTS_DIR; };
		EC828BFC2BF4BEEF009A4E89 /* PanasDinginApp.swift */ = {isa = PBXFileReference; lastKnownFileType = sourcecode.swift; path = PanasDinginApp.swift; sourceTree = "<group>"; };
		EC828BFE2BF4BEEF009A4E89 /* ContentView.swift */ = {isa = PBXFileReference; lastKnownFileType = sourcecode.swift; path = ContentView.swift; sourceTree = "<group>"; };
		EC828C002BF4BEF0009A4E89 /* Assets.xcassets */ = {isa = PBXFileReference; lastKnownFileType = folder.assetcatalog; path = Assets.xcassets; sourceTree = "<group>"; };
		EC828C032BF4BEF0009A4E89 /* Preview Assets.xcassets */ = {isa = PBXFileReference; lastKnownFileType = folder.assetcatalog; path = "Preview Assets.xcassets"; sourceTree = "<group>"; };
		EC828C382BFB4702009A4E89 /* CentralManager.swift */ = {isa = PBXFileReference; lastKnownFileType = sourcecode.swift; path = CentralManager.swift; sourceTree = "<group>"; };
		EC828C3A2BFB473A009A4E89 /* PeripheralManager.swift */ = {isa = PBXFileReference; lastKnownFileType = sourcecode.swift; path = PeripheralManager.swift; sourceTree = "<group>"; };
/* End PBXFileReference section */

/* Begin PBXFrameworksBuildPhase section */
		EC0CBD422BFCE6AC009B44EB /* Frameworks */ = {
			isa = PBXFrameworksBuildPhase;
			buildActionMask = 2147483647;
			files = (
			);
			runOnlyForDeploymentPostprocessing = 0;
		};
		EC0CBD6D2C02DCBB009B44EB /* Frameworks */ = {
			isa = PBXFrameworksBuildPhase;
			buildActionMask = 2147483647;
			files = (
			);
			runOnlyForDeploymentPostprocessing = 0;
		};
		EC828BF42BF4BEEF009A4E89 /* Frameworks */ = {
			isa = PBXFrameworksBuildPhase;
			buildActionMask = 2147483647;
			files = (
			);
			runOnlyForDeploymentPostprocessing = 0;
		};
/* End PBXFrameworksBuildPhase section */

/* Begin PBXGroup section */
		EC0CBD462BFCE6AC009B44EB /* PanasDingin Phone App */ = {
			isa = PBXGroup;
			children = (
				EC0CBD472BFCE6AC009B44EB /* PanasDingin_Phone_AppApp.swift */,
				EC0CBD982C037C4A009B44EB /* UUID.swift */,
				EC0CBD972C037C3D009B44EB /* View */,
				EC0CBD9C2C037C6B009B44EB /* Bluetooth Manager */,
				EC0CBDA12C039676009B44EB /* Assets */,
				EC0CBD4B2BFCE6AE009B44EB /* Assets.xcassets */,
				EC0CBD4D2BFCE6AE009B44EB /* Preview Content */,
			);
			path = "PanasDingin Phone App";
			sourceTree = "<group>";
		};
		EC0CBD4D2BFCE6AE009B44EB /* Preview Content */ = {
			isa = PBXGroup;
			children = (
				EC0CBD4E2BFCE6AE009B44EB /* Preview Assets.xcassets */,
			);
			path = "Preview Content";
			sourceTree = "<group>";
		};
		EC0CBD712C02DCBB009B44EB /* PanasDingin Mac App */ = {
			isa = PBXGroup;
			children = (
				EC0CBD722C02DCBB009B44EB /* PanasDingin_Mac_AppApp.swift */,
				EC0CBD742C02DCBB009B44EB /* ContentView.swift */,
				EC0CBD7F2C02DD0E009B44EB /* HiderPeripheralManager.swift */,
				EC0CBD762C02DCBC009B44EB /* Assets.xcassets */,
				EC0CBD7B2C02DCBC009B44EB /* PanasDingin_Mac_App.entitlements */,
				EC0CBD782C02DCBC009B44EB /* Preview Content */,
			);
			path = "PanasDingin Mac App";
			sourceTree = "<group>";
		};
		EC0CBD782C02DCBC009B44EB /* Preview Content */ = {
			isa = PBXGroup;
			children = (
				EC0CBD792C02DCBC009B44EB /* Preview Assets.xcassets */,
			);
			path = "Preview Content";
			sourceTree = "<group>";
		};
		EC0CBD852C033C29009B44EB /* View */ = {
			isa = PBXGroup;
			children = (
				EC828BFE2BF4BEEF009A4E89 /* ContentView.swift */,
				EC0CBD832C033C22009B44EB /* HiderView.swift */,
				EC0CBD812C033BF4009B44EB /* SeekerView.swift */,
			);
			path = View;
			sourceTree = "<group>";
		};
		EC0CBD862C0349E7009B44EB /* Bluetooth Manager */ = {
			isa = PBXGroup;
			children = (
				EC828C382BFB4702009A4E89 /* CentralManager.swift */,
				EC828C3A2BFB473A009A4E89 /* PeripheralManager.swift */,
			);
			path = "Bluetooth Manager";
			sourceTree = "<group>";
		};
		EC0CBD972C037C3D009B44EB /* View */ = {
			isa = PBXGroup;
			children = (
				EC0CBD492BFCE6AC009B44EB /* ContentView.swift */,
				EC0CBD952C037C38009B44EB /* HiderView.swift */,
				EC0CBD932C037C20009B44EB /* SeekerView.swift */,
			);
			path = View;
			sourceTree = "<group>";
		};
		EC0CBD9C2C037C6B009B44EB /* Bluetooth Manager */ = {
			isa = PBXGroup;
			children = (
				EC0CBD9A2C037C62009B44EB /* CentralManager.swift */,
				EC0CBD3F2BFCA3EA009B44EB /* PeripheralManager.swift */,
			);
			path = "Bluetooth Manager";
			sourceTree = "<group>";
		};
		EC0CBD9E2C03960E009B44EB /* Assets */ = {
			isa = PBXGroup;
			children = (
				EC0CBDA42C039986009B44EB /* Lose.mp3 */,
			);
			path = Assets;
			sourceTree = "<group>";
		};
		EC0CBDA12C039676009B44EB /* Assets */ = {
			isa = PBXGroup;
			children = (
				EC0CBDA62C039994009B44EB /* Lose.mp3 */,
			);
			path = Assets;
			sourceTree = "<group>";
		};
		EC828BEA2BF4BEEF009A4E89 = {
			isa = PBXGroup;
			children = (
				EC828BFB2BF4BEEF009A4E89 /* PanasDingin Watch App */,
				EC0CBD462BFCE6AC009B44EB /* PanasDingin Phone App */,
				EC0CBD712C02DCBB009B44EB /* PanasDingin Mac App */,
				EC828BF22BF4BEEF009A4E89 /* Products */,
			);
			sourceTree = "<group>";
		};
		EC828BF22BF4BEEF009A4E89 /* Products */ = {
			isa = PBXGroup;
			children = (
				EC828BF12BF4BEEF009A4E89 /* PanasDingin.app */,
				EC828BF72BF4BEEF009A4E89 /* PanasDingin Watch App.app */,
				EC0CBD452BFCE6AC009B44EB /* PanasDingin Phone App.app */,
				EC0CBD702C02DCBB009B44EB /* PanasDingin Mac App.app */,
			);
			name = Products;
			sourceTree = "<group>";
		};
		EC828BFB2BF4BEEF009A4E89 /* PanasDingin Watch App */ = {
			isa = PBXGroup;
			children = (
				EC828BFC2BF4BEEF009A4E89 /* PanasDinginApp.swift */,
				EC0CBD8F2C037376009B44EB /* UUID.swift */,
				EC0CBD852C033C29009B44EB /* View */,
				EC0CBD862C0349E7009B44EB /* Bluetooth Manager */,
				EC0CBD9E2C03960E009B44EB /* Assets */,
				EC828C002BF4BEF0009A4E89 /* Assets.xcassets */,
				EC828C022BF4BEF0009A4E89 /* Preview Content */,
			);
			path = "PanasDingin Watch App";
			sourceTree = "<group>";
		};
		EC828C022BF4BEF0009A4E89 /* Preview Content */ = {
			isa = PBXGroup;
			children = (
				EC828C032BF4BEF0009A4E89 /* Preview Assets.xcassets */,
			);
			path = "Preview Content";
			sourceTree = "<group>";
		};
/* End PBXGroup section */

/* Begin PBXNativeTarget section */
		EC0CBD442BFCE6AC009B44EB /* PanasDingin Phone App */ = {
			isa = PBXNativeTarget;
			buildConfigurationList = EC0CBD502BFCE6AE009B44EB /* Build configuration list for PBXNativeTarget "PanasDingin Phone App" */;
			buildPhases = (
				EC0CBD412BFCE6AC009B44EB /* Sources */,
				EC0CBD422BFCE6AC009B44EB /* Frameworks */,
				EC0CBD432BFCE6AC009B44EB /* Resources */,
			);
			buildRules = (
			);
			dependencies = (
			);
			name = "PanasDingin Phone App";
			productName = "PanasDingin Phone App";
			productReference = EC0CBD452BFCE6AC009B44EB /* PanasDingin Phone App.app */;
			productType = "com.apple.product-type.application";
		};
		EC0CBD6F2C02DCBB009B44EB /* PanasDingin Mac App */ = {
			isa = PBXNativeTarget;
			buildConfigurationList = EC0CBD7E2C02DCBC009B44EB /* Build configuration list for PBXNativeTarget "PanasDingin Mac App" */;
			buildPhases = (
				EC0CBD6C2C02DCBB009B44EB /* Sources */,
				EC0CBD6D2C02DCBB009B44EB /* Frameworks */,
				EC0CBD6E2C02DCBB009B44EB /* Resources */,
			);
			buildRules = (
			);
			dependencies = (
			);
			name = "PanasDingin Mac App";
			productName = "PanasDingin Mac App";
			productReference = EC0CBD702C02DCBB009B44EB /* PanasDingin Mac App.app */;
			productType = "com.apple.product-type.application";
		};
		EC828BF02BF4BEEF009A4E89 /* PanasDingin */ = {
			isa = PBXNativeTarget;
			buildConfigurationList = EC828C0B2BF4BEF0009A4E89 /* Build configuration list for PBXNativeTarget "PanasDingin" */;
			buildPhases = (
				EC828BEF2BF4BEEF009A4E89 /* Resources */,
				EC828C0A2BF4BEF0009A4E89 /* Embed Watch Content */,
			);
			buildRules = (
			);
			dependencies = (
				EC828BFA2BF4BEEF009A4E89 /* PBXTargetDependency */,
			);
			name = PanasDingin;
			productName = PanasDingin;
			productReference = EC828BF12BF4BEEF009A4E89 /* PanasDingin.app */;
			productType = "com.apple.product-type.application.watchapp2-container";
		};
		EC828BF62BF4BEEF009A4E89 /* PanasDingin Watch App */ = {
			isa = PBXNativeTarget;
			buildConfigurationList = EC828C072BF4BEF0009A4E89 /* Build configuration list for PBXNativeTarget "PanasDingin Watch App" */;
			buildPhases = (
				EC828BF32BF4BEEF009A4E89 /* Sources */,
				EC828BF42BF4BEEF009A4E89 /* Frameworks */,
				EC828BF52BF4BEEF009A4E89 /* Resources */,
			);
			buildRules = (
			);
			dependencies = (
			);
			name = "PanasDingin Watch App";
			productName = "PanasDingin Watch App";
			productReference = EC828BF72BF4BEEF009A4E89 /* PanasDingin Watch App.app */;
			productType = "com.apple.product-type.application";
		};
/* End PBXNativeTarget section */

/* Begin PBXProject section */
		EC828BEB2BF4BEEF009A4E89 /* Project object */ = {
			isa = PBXProject;
			attributes = {
				BuildIndependentTargetsInParallel = 1;
				LastSwiftUpdateCheck = 1530;
				LastUpgradeCheck = 1530;
				TargetAttributes = {
					EC0CBD442BFCE6AC009B44EB = {
						CreatedOnToolsVersion = 15.3;
					};
					EC0CBD6F2C02DCBB009B44EB = {
						CreatedOnToolsVersion = 15.3;
					};
					EC828BF02BF4BEEF009A4E89 = {
						CreatedOnToolsVersion = 15.3;
					};
					EC828BF62BF4BEEF009A4E89 = {
						CreatedOnToolsVersion = 15.3;
					};
				};
			};
			buildConfigurationList = EC828BEE2BF4BEEF009A4E89 /* Build configuration list for PBXProject "PanasDingin" */;
			compatibilityVersion = "Xcode 14.0";
			developmentRegion = en;
			hasScannedForEncodings = 0;
			knownRegions = (
				en,
				Base,
			);
			mainGroup = EC828BEA2BF4BEEF009A4E89;
			productRefGroup = EC828BF22BF4BEEF009A4E89 /* Products */;
			projectDirPath = "";
			projectRoot = "";
			targets = (
				EC828BF02BF4BEEF009A4E89 /* PanasDingin */,
				EC828BF62BF4BEEF009A4E89 /* PanasDingin Watch App */,
				EC0CBD442BFCE6AC009B44EB /* PanasDingin Phone App */,
				EC0CBD6F2C02DCBB009B44EB /* PanasDingin Mac App */,
			);
		};
/* End PBXProject section */

/* Begin PBXResourcesBuildPhase section */
		EC0CBD432BFCE6AC009B44EB /* Resources */ = {
			isa = PBXResourcesBuildPhase;
			buildActionMask = 2147483647;
			files = (
				EC0CBD4F2BFCE6AE009B44EB /* Preview Assets.xcassets in Resources */,
				EC0CBDA72C039994009B44EB /* Lose.mp3 in Resources */,
				EC0CBD4C2BFCE6AE009B44EB /* Assets.xcassets in Resources */,
			);
			runOnlyForDeploymentPostprocessing = 0;
		};
		EC0CBD6E2C02DCBB009B44EB /* Resources */ = {
			isa = PBXResourcesBuildPhase;
			buildActionMask = 2147483647;
			files = (
				EC0CBD7A2C02DCBC009B44EB /* Preview Assets.xcassets in Resources */,
				EC0CBD772C02DCBC009B44EB /* Assets.xcassets in Resources */,
			);
			runOnlyForDeploymentPostprocessing = 0;
		};
		EC828BEF2BF4BEEF009A4E89 /* Resources */ = {
			isa = PBXResourcesBuildPhase;
			buildActionMask = 2147483647;
			files = (
			);
			runOnlyForDeploymentPostprocessing = 0;
		};
		EC828BF52BF4BEEF009A4E89 /* Resources */ = {
			isa = PBXResourcesBuildPhase;
			buildActionMask = 2147483647;
			files = (
				EC828C042BF4BEF0009A4E89 /* Preview Assets.xcassets in Resources */,
				EC0CBDA52C039986009B44EB /* Lose.mp3 in Resources */,
				EC828C012BF4BEF0009A4E89 /* Assets.xcassets in Resources */,
			);
			runOnlyForDeploymentPostprocessing = 0;
		};
/* End PBXResourcesBuildPhase section */

/* Begin PBXSourcesBuildPhase section */
		EC0CBD412BFCE6AC009B44EB /* Sources */ = {
			isa = PBXSourcesBuildPhase;
			buildActionMask = 2147483647;
			files = (
				EC0CBD992C037C4A009B44EB /* UUID.swift in Sources */,
				EC0CBD4A2BFCE6AC009B44EB /* ContentView.swift in Sources */,
				EC0CBD482BFCE6AC009B44EB /* PanasDingin_Phone_AppApp.swift in Sources */,
				EC0CBD962C037C38009B44EB /* HiderView.swift in Sources */,
				EC0CBD942C037C20009B44EB /* SeekerView.swift in Sources */,
				EC0CBD532BFCE6F2009B44EB /* PeripheralManager.swift in Sources */,
				EC0CBD9B2C037C62009B44EB /* CentralManager.swift in Sources */,
			);
			runOnlyForDeploymentPostprocessing = 0;
		};
		EC0CBD6C2C02DCBB009B44EB /* Sources */ = {
			isa = PBXSourcesBuildPhase;
			buildActionMask = 2147483647;
			files = (
				EC0CBD752C02DCBB009B44EB /* ContentView.swift in Sources */,
				EC0CBD732C02DCBB009B44EB /* PanasDingin_Mac_AppApp.swift in Sources */,
				EC0CBD802C02DD0E009B44EB /* HiderPeripheralManager.swift in Sources */,
			);
			runOnlyForDeploymentPostprocessing = 0;
		};
		EC828BF32BF4BEEF009A4E89 /* Sources */ = {
			isa = PBXSourcesBuildPhase;
			buildActionMask = 2147483647;
			files = (
				EC828C3B2BFB473A009A4E89 /* PeripheralManager.swift in Sources */,
				EC0CBD842C033C22009B44EB /* HiderView.swift in Sources */,
				EC828C392BFB4702009A4E89 /* CentralManager.swift in Sources */,
				EC828BFF2BF4BEEF009A4E89 /* ContentView.swift in Sources */,
				EC0CBD822C033BF5009B44EB /* SeekerView.swift in Sources */,
				EC828BFD2BF4BEEF009A4E89 /* PanasDinginApp.swift in Sources */,
				EC0CBD902C037376009B44EB /* UUID.swift in Sources */,
			);
			runOnlyForDeploymentPostprocessing = 0;
		};
/* End PBXSourcesBuildPhase section */

/* Begin PBXTargetDependency section */
		EC828BFA2BF4BEEF009A4E89 /* PBXTargetDependency */ = {
			isa = PBXTargetDependency;
			target = EC828BF62BF4BEEF009A4E89 /* PanasDingin Watch App */;
			targetProxy = EC828BF92BF4BEEF009A4E89 /* PBXContainerItemProxy */;
		};
/* End PBXTargetDependency section */

/* Begin XCBuildConfiguration section */
		EC0CBD512BFCE6AE009B44EB /* Debug */ = {
			isa = XCBuildConfiguration;
			buildSettings = {
				ASSETCATALOG_COMPILER_APPICON_NAME = AppIcon;
				ASSETCATALOG_COMPILER_GLOBAL_ACCENT_COLOR_NAME = AccentColor;
				CODE_SIGN_STYLE = Automatic;
				CURRENT_PROJECT_VERSION = 1;
				DEVELOPMENT_ASSET_PATHS = "\"PanasDingin Phone App/Preview Content\"";
				DEVELOPMENT_TEAM = X46RMJJG8Q;
				ENABLE_PREVIEWS = YES;
				GENERATE_INFOPLIST_FILE = YES;
				INFOPLIST_KEY_NSBluetoothAlwaysUsageDescription = "Must use bluetooth for detecting nearby players";
				INFOPLIST_KEY_UIApplicationSceneManifest_Generation = YES;
				INFOPLIST_KEY_UIApplicationSupportsIndirectInputEvents = YES;
				INFOPLIST_KEY_UILaunchScreen_Generation = YES;
				INFOPLIST_KEY_UISupportedInterfaceOrientations_iPad = "UIInterfaceOrientationPortrait UIInterfaceOrientationPortraitUpsideDown UIInterfaceOrientationLandscapeLeft UIInterfaceOrientationLandscapeRight";
				INFOPLIST_KEY_UISupportedInterfaceOrientations_iPhone = "UIInterfaceOrientationPortrait UIInterfaceOrientationLandscapeLeft UIInterfaceOrientationLandscapeRight";
				IPHONEOS_DEPLOYMENT_TARGET = 17.4;
				LD_RUNPATH_SEARCH_PATHS = (
					"$(inherited)",
					"@executable_path/Frameworks",
				);
				MARKETING_VERSION = 1.0;
				PRODUCT_BUNDLE_IDENTIFIER = "com.team8-appleDev.PanasDingin-Phone-App";
				PRODUCT_NAME = "$(TARGET_NAME)";
				SDKROOT = iphoneos;
				SWIFT_EMIT_LOC_STRINGS = YES;
				SWIFT_VERSION = 5.0;
				TARGETED_DEVICE_FAMILY = "1,2";
			};
			name = Debug;
		};
		EC0CBD522BFCE6AE009B44EB /* Release */ = {
			isa = XCBuildConfiguration;
			buildSettings = {
				ASSETCATALOG_COMPILER_APPICON_NAME = AppIcon;
				ASSETCATALOG_COMPILER_GLOBAL_ACCENT_COLOR_NAME = AccentColor;
				CODE_SIGN_STYLE = Automatic;
				CURRENT_PROJECT_VERSION = 1;
				DEVELOPMENT_ASSET_PATHS = "\"PanasDingin Phone App/Preview Content\"";
				DEVELOPMENT_TEAM = X46RMJJG8Q;
				ENABLE_PREVIEWS = YES;
				GENERATE_INFOPLIST_FILE = YES;
				INFOPLIST_KEY_NSBluetoothAlwaysUsageDescription = "Must use bluetooth for detecting nearby players";
				INFOPLIST_KEY_UIApplicationSceneManifest_Generation = YES;
				INFOPLIST_KEY_UIApplicationSupportsIndirectInputEvents = YES;
				INFOPLIST_KEY_UILaunchScreen_Generation = YES;
				INFOPLIST_KEY_UISupportedInterfaceOrientations_iPad = "UIInterfaceOrientationPortrait UIInterfaceOrientationPortraitUpsideDown UIInterfaceOrientationLandscapeLeft UIInterfaceOrientationLandscapeRight";
				INFOPLIST_KEY_UISupportedInterfaceOrientations_iPhone = "UIInterfaceOrientationPortrait UIInterfaceOrientationLandscapeLeft UIInterfaceOrientationLandscapeRight";
				IPHONEOS_DEPLOYMENT_TARGET = 17.4;
				LD_RUNPATH_SEARCH_PATHS = (
					"$(inherited)",
					"@executable_path/Frameworks",
				);
				MARKETING_VERSION = 1.0;
				PRODUCT_BUNDLE_IDENTIFIER = "com.team8-appleDev.PanasDingin-Phone-App";
				PRODUCT_NAME = "$(TARGET_NAME)";
				SDKROOT = iphoneos;
				SWIFT_EMIT_LOC_STRINGS = YES;
				SWIFT_VERSION = 5.0;
				TARGETED_DEVICE_FAMILY = "1,2";
				VALIDATE_PRODUCT = YES;
			};
			name = Release;
		};
		EC0CBD7C2C02DCBC009B44EB /* Debug */ = {
			isa = XCBuildConfiguration;
			buildSettings = {
				ASSETCATALOG_COMPILER_APPICON_NAME = AppIcon;
				ASSETCATALOG_COMPILER_GLOBAL_ACCENT_COLOR_NAME = AccentColor;
				CODE_SIGN_ENTITLEMENTS = "PanasDingin Mac App/PanasDingin_Mac_App.entitlements";
				CODE_SIGN_STYLE = Automatic;
				COMBINE_HIDPI_IMAGES = YES;
				CURRENT_PROJECT_VERSION = 1;
				DEVELOPMENT_ASSET_PATHS = "\"PanasDingin Mac App/Preview Content\"";
				DEVELOPMENT_TEAM = X46RMJJG8Q;
				ENABLE_HARDENED_RUNTIME = YES;
				ENABLE_PREVIEWS = YES;
				GENERATE_INFOPLIST_FILE = YES;
				INFOPLIST_KEY_NSBluetoothAlwaysUsageDescription = "Use bluetooth";
				INFOPLIST_KEY_NSHumanReadableCopyright = "";
				LD_RUNPATH_SEARCH_PATHS = (
					"$(inherited)",
					"@executable_path/../Frameworks",
				);
				MACOSX_DEPLOYMENT_TARGET = 14.0;
				MARKETING_VERSION = 1.0;
				PRODUCT_BUNDLE_IDENTIFIER = "com.team8-appleDev.PanasDingin-Mac-App";
				PRODUCT_NAME = "$(TARGET_NAME)";
				SDKROOT = macosx;
				SWIFT_EMIT_LOC_STRINGS = YES;
				SWIFT_VERSION = 5.0;
			};
			name = Debug;
		};
		EC0CBD7D2C02DCBC009B44EB /* Release */ = {
			isa = XCBuildConfiguration;
			buildSettings = {
				ASSETCATALOG_COMPILER_APPICON_NAME = AppIcon;
				ASSETCATALOG_COMPILER_GLOBAL_ACCENT_COLOR_NAME = AccentColor;
				CODE_SIGN_ENTITLEMENTS = "PanasDingin Mac App/PanasDingin_Mac_App.entitlements";
				CODE_SIGN_STYLE = Automatic;
				COMBINE_HIDPI_IMAGES = YES;
				CURRENT_PROJECT_VERSION = 1;
				DEVELOPMENT_ASSET_PATHS = "\"PanasDingin Mac App/Preview Content\"";
				DEVELOPMENT_TEAM = X46RMJJG8Q;
				ENABLE_HARDENED_RUNTIME = YES;
				ENABLE_PREVIEWS = YES;
				GENERATE_INFOPLIST_FILE = YES;
				INFOPLIST_KEY_NSBluetoothAlwaysUsageDescription = "Use bluetooth";
				INFOPLIST_KEY_NSHumanReadableCopyright = "";
				LD_RUNPATH_SEARCH_PATHS = (
					"$(inherited)",
					"@executable_path/../Frameworks",
				);
				MACOSX_DEPLOYMENT_TARGET = 14.0;
				MARKETING_VERSION = 1.0;
				PRODUCT_BUNDLE_IDENTIFIER = "com.team8-appleDev.PanasDingin-Mac-App";
				PRODUCT_NAME = "$(TARGET_NAME)";
				SDKROOT = macosx;
				SWIFT_EMIT_LOC_STRINGS = YES;
				SWIFT_VERSION = 5.0;
			};
			name = Release;
		};
		EC828C052BF4BEF0009A4E89 /* Debug */ = {
			isa = XCBuildConfiguration;
			buildSettings = {
				ALWAYS_SEARCH_USER_PATHS = NO;
				ASSETCATALOG_COMPILER_GENERATE_SWIFT_ASSET_SYMBOL_EXTENSIONS = YES;
				CLANG_ANALYZER_NONNULL = YES;
				CLANG_ANALYZER_NUMBER_OBJECT_CONVERSION = YES_AGGRESSIVE;
				CLANG_CXX_LANGUAGE_STANDARD = "gnu++20";
				CLANG_ENABLE_MODULES = YES;
				CLANG_ENABLE_OBJC_ARC = YES;
				CLANG_ENABLE_OBJC_WEAK = YES;
				CLANG_WARN_BLOCK_CAPTURE_AUTORELEASING = YES;
				CLANG_WARN_BOOL_CONVERSION = YES;
				CLANG_WARN_COMMA = YES;
				CLANG_WARN_CONSTANT_CONVERSION = YES;
				CLANG_WARN_DEPRECATED_OBJC_IMPLEMENTATIONS = YES;
				CLANG_WARN_DIRECT_OBJC_ISA_USAGE = YES_ERROR;
				CLANG_WARN_DOCUMENTATION_COMMENTS = YES;
				CLANG_WARN_EMPTY_BODY = YES;
				CLANG_WARN_ENUM_CONVERSION = YES;
				CLANG_WARN_INFINITE_RECURSION = YES;
				CLANG_WARN_INT_CONVERSION = YES;
				CLANG_WARN_NON_LITERAL_NULL_CONVERSION = YES;
				CLANG_WARN_OBJC_IMPLICIT_RETAIN_SELF = YES;
				CLANG_WARN_OBJC_LITERAL_CONVERSION = YES;
				CLANG_WARN_OBJC_ROOT_CLASS = YES_ERROR;
				CLANG_WARN_QUOTED_INCLUDE_IN_FRAMEWORK_HEADER = YES;
				CLANG_WARN_RANGE_LOOP_ANALYSIS = YES;
				CLANG_WARN_STRICT_PROTOTYPES = YES;
				CLANG_WARN_SUSPICIOUS_MOVE = YES;
				CLANG_WARN_UNGUARDED_AVAILABILITY = YES_AGGRESSIVE;
				CLANG_WARN_UNREACHABLE_CODE = YES;
				CLANG_WARN__DUPLICATE_METHOD_MATCH = YES;
				COPY_PHASE_STRIP = NO;
				DEBUG_INFORMATION_FORMAT = dwarf;
				ENABLE_STRICT_OBJC_MSGSEND = YES;
				ENABLE_TESTABILITY = YES;
				ENABLE_USER_SCRIPT_SANDBOXING = YES;
				GCC_C_LANGUAGE_STANDARD = gnu17;
				GCC_DYNAMIC_NO_PIC = NO;
				GCC_NO_COMMON_BLOCKS = YES;
				GCC_OPTIMIZATION_LEVEL = 0;
				GCC_PREPROCESSOR_DEFINITIONS = (
					"DEBUG=1",
					"$(inherited)",
				);
				GCC_WARN_64_TO_32_BIT_CONVERSION = YES;
				GCC_WARN_ABOUT_RETURN_TYPE = YES_ERROR;
				GCC_WARN_UNDECLARED_SELECTOR = YES;
				GCC_WARN_UNINITIALIZED_AUTOS = YES_AGGRESSIVE;
				GCC_WARN_UNUSED_FUNCTION = YES;
				GCC_WARN_UNUSED_VARIABLE = YES;
				LOCALIZATION_PREFERS_STRING_CATALOGS = YES;
				MTL_ENABLE_DEBUG_INFO = INCLUDE_SOURCE;
				MTL_FAST_MATH = YES;
				ONLY_ACTIVE_ARCH = YES;
				SWIFT_ACTIVE_COMPILATION_CONDITIONS = "DEBUG $(inherited)";
				SWIFT_OPTIMIZATION_LEVEL = "-Onone";
				WATCHOS_DEPLOYMENT_TARGET = 10.2;
			};
			name = Debug;
		};
		EC828C062BF4BEF0009A4E89 /* Release */ = {
			isa = XCBuildConfiguration;
			buildSettings = {
				ALWAYS_SEARCH_USER_PATHS = NO;
				ASSETCATALOG_COMPILER_GENERATE_SWIFT_ASSET_SYMBOL_EXTENSIONS = YES;
				CLANG_ANALYZER_NONNULL = YES;
				CLANG_ANALYZER_NUMBER_OBJECT_CONVERSION = YES_AGGRESSIVE;
				CLANG_CXX_LANGUAGE_STANDARD = "gnu++20";
				CLANG_ENABLE_MODULES = YES;
				CLANG_ENABLE_OBJC_ARC = YES;
				CLANG_ENABLE_OBJC_WEAK = YES;
				CLANG_WARN_BLOCK_CAPTURE_AUTORELEASING = YES;
				CLANG_WARN_BOOL_CONVERSION = YES;
				CLANG_WARN_COMMA = YES;
				CLANG_WARN_CONSTANT_CONVERSION = YES;
				CLANG_WARN_DEPRECATED_OBJC_IMPLEMENTATIONS = YES;
				CLANG_WARN_DIRECT_OBJC_ISA_USAGE = YES_ERROR;
				CLANG_WARN_DOCUMENTATION_COMMENTS = YES;
				CLANG_WARN_EMPTY_BODY = YES;
				CLANG_WARN_ENUM_CONVERSION = YES;
				CLANG_WARN_INFINITE_RECURSION = YES;
				CLANG_WARN_INT_CONVERSION = YES;
				CLANG_WARN_NON_LITERAL_NULL_CONVERSION = YES;
				CLANG_WARN_OBJC_IMPLICIT_RETAIN_SELF = YES;
				CLANG_WARN_OBJC_LITERAL_CONVERSION = YES;
				CLANG_WARN_OBJC_ROOT_CLASS = YES_ERROR;
				CLANG_WARN_QUOTED_INCLUDE_IN_FRAMEWORK_HEADER = YES;
				CLANG_WARN_RANGE_LOOP_ANALYSIS = YES;
				CLANG_WARN_STRICT_PROTOTYPES = YES;
				CLANG_WARN_SUSPICIOUS_MOVE = YES;
				CLANG_WARN_UNGUARDED_AVAILABILITY = YES_AGGRESSIVE;
				CLANG_WARN_UNREACHABLE_CODE = YES;
				CLANG_WARN__DUPLICATE_METHOD_MATCH = YES;
				COPY_PHASE_STRIP = NO;
				DEBUG_INFORMATION_FORMAT = "dwarf-with-dsym";
				ENABLE_NS_ASSERTIONS = NO;
				ENABLE_STRICT_OBJC_MSGSEND = YES;
				ENABLE_USER_SCRIPT_SANDBOXING = YES;
				GCC_C_LANGUAGE_STANDARD = gnu17;
				GCC_NO_COMMON_BLOCKS = YES;
				GCC_WARN_64_TO_32_BIT_CONVERSION = YES;
				GCC_WARN_ABOUT_RETURN_TYPE = YES_ERROR;
				GCC_WARN_UNDECLARED_SELECTOR = YES;
				GCC_WARN_UNINITIALIZED_AUTOS = YES_AGGRESSIVE;
				GCC_WARN_UNUSED_FUNCTION = YES;
				GCC_WARN_UNUSED_VARIABLE = YES;
				LOCALIZATION_PREFERS_STRING_CATALOGS = YES;
				MTL_ENABLE_DEBUG_INFO = NO;
				MTL_FAST_MATH = YES;
				SWIFT_COMPILATION_MODE = wholemodule;
				WATCHOS_DEPLOYMENT_TARGET = 10.2;
			};
			name = Release;
		};
		EC828C082BF4BEF0009A4E89 /* Debug */ = {
			isa = XCBuildConfiguration;
			buildSettings = {
				ASSETCATALOG_COMPILER_APPICON_NAME = AppIcon;
				ASSETCATALOG_COMPILER_GLOBAL_ACCENT_COLOR_NAME = AccentColor;
				CODE_SIGN_STYLE = Automatic;
				CURRENT_PROJECT_VERSION = 1;
				DEVELOPMENT_ASSET_PATHS = "\"PanasDingin Watch App/Preview Content\"";
				DEVELOPMENT_TEAM = X46RMJJG8Q;
				ENABLE_PREVIEWS = YES;
				GENERATE_INFOPLIST_FILE = YES;
				INFOPLIST_KEY_CFBundleDisplayName = PanasDingin;
				INFOPLIST_KEY_NSBluetoothAlwaysUsageDescription = "Must use bluetooth for detecting nearby players";
				INFOPLIST_KEY_UISupportedInterfaceOrientations = "UIInterfaceOrientationPortrait UIInterfaceOrientationPortraitUpsideDown";
				INFOPLIST_KEY_WKWatchOnly = YES;
				LD_RUNPATH_SEARCH_PATHS = (
					"$(inherited)",
					"@executable_path/Frameworks",
				);
				MARKETING_VERSION = 1.0;
				PRODUCT_BUNDLE_IDENTIFIER = "com.team8-appleDev.PanasDingin.watchkitapp";
				PRODUCT_NAME = "$(TARGET_NAME)";
				SDKROOT = watchos;
				SKIP_INSTALL = YES;
				SWIFT_EMIT_LOC_STRINGS = YES;
				SWIFT_VERSION = 5.0;
				TARGETED_DEVICE_FAMILY = 4;
				WATCHOS_DEPLOYMENT_TARGET = 10.2;
			};
			name = Debug;
		};
		EC828C092BF4BEF0009A4E89 /* Release */ = {
			isa = XCBuildConfiguration;
			buildSettings = {
				ASSETCATALOG_COMPILER_APPICON_NAME = AppIcon;
				ASSETCATALOG_COMPILER_GLOBAL_ACCENT_COLOR_NAME = AccentColor;
				CODE_SIGN_STYLE = Automatic;
				CURRENT_PROJECT_VERSION = 1;
				DEVELOPMENT_ASSET_PATHS = "\"PanasDingin Watch App/Preview Content\"";
				DEVELOPMENT_TEAM = X46RMJJG8Q;
				ENABLE_PREVIEWS = YES;
				GENERATE_INFOPLIST_FILE = YES;
				INFOPLIST_KEY_CFBundleDisplayName = PanasDingin;
				INFOPLIST_KEY_NSBluetoothAlwaysUsageDescription = "Must use bluetooth for detecting nearby players";
				INFOPLIST_KEY_UISupportedInterfaceOrientations = "UIInterfaceOrientationPortrait UIInterfaceOrientationPortraitUpsideDown";
				INFOPLIST_KEY_WKWatchOnly = YES;
				LD_RUNPATH_SEARCH_PATHS = (
					"$(inherited)",
					"@executable_path/Frameworks",
				);
				MARKETING_VERSION = 1.0;
				PRODUCT_BUNDLE_IDENTIFIER = "com.team8-appleDev.PanasDingin.watchkitapp";
				PRODUCT_NAME = "$(TARGET_NAME)";
				SDKROOT = watchos;
				SKIP_INSTALL = YES;
				SWIFT_EMIT_LOC_STRINGS = YES;
				SWIFT_VERSION = 5.0;
				TARGETED_DEVICE_FAMILY = 4;
				VALIDATE_PRODUCT = YES;
				WATCHOS_DEPLOYMENT_TARGET = 10.2;
			};
			name = Release;
		};
		EC828C0C2BF4BEF0009A4E89 /* Debug */ = {
			isa = XCBuildConfiguration;
			buildSettings = {
				ALWAYS_EMBED_SWIFT_STANDARD_LIBRARIES = YES;
				CODE_SIGN_STYLE = Automatic;
				CURRENT_PROJECT_VERSION = 1;
				DEVELOPMENT_TEAM = X46RMJJG8Q;
				INFOPLIST_KEY_CFBundleDisplayName = PanasDingin;
				MARKETING_VERSION = 1.0;
				PRODUCT_BUNDLE_IDENTIFIER = "com.team8-appleDev.PanasDingin";
				PRODUCT_NAME = "$(TARGET_NAME)";
				SDKROOT = iphoneos;
				SWIFT_VERSION = 5.0;
			};
			name = Debug;
		};
		EC828C0D2BF4BEF0009A4E89 /* Release */ = {
			isa = XCBuildConfiguration;
			buildSettings = {
				ALWAYS_EMBED_SWIFT_STANDARD_LIBRARIES = YES;
				CODE_SIGN_STYLE = Automatic;
				CURRENT_PROJECT_VERSION = 1;
				DEVELOPMENT_TEAM = X46RMJJG8Q;
				INFOPLIST_KEY_CFBundleDisplayName = PanasDingin;
				MARKETING_VERSION = 1.0;
				PRODUCT_BUNDLE_IDENTIFIER = "com.team8-appleDev.PanasDingin";
				PRODUCT_NAME = "$(TARGET_NAME)";
				SDKROOT = iphoneos;
				SWIFT_VERSION = 5.0;
				VALIDATE_PRODUCT = YES;
			};
			name = Release;
		};
/* End XCBuildConfiguration section */

/* Begin XCConfigurationList section */
		EC0CBD502BFCE6AE009B44EB /* Build configuration list for PBXNativeTarget "PanasDingin Phone App" */ = {
			isa = XCConfigurationList;
			buildConfigurations = (
				EC0CBD512BFCE6AE009B44EB /* Debug */,
				EC0CBD522BFCE6AE009B44EB /* Release */,
			);
			defaultConfigurationIsVisible = 0;
			defaultConfigurationName = Release;
		};
		EC0CBD7E2C02DCBC009B44EB /* Build configuration list for PBXNativeTarget "PanasDingin Mac App" */ = {
			isa = XCConfigurationList;
			buildConfigurations = (
				EC0CBD7C2C02DCBC009B44EB /* Debug */,
				EC0CBD7D2C02DCBC009B44EB /* Release */,
			);
			defaultConfigurationIsVisible = 0;
			defaultConfigurationName = Release;
		};
		EC828BEE2BF4BEEF009A4E89 /* Build configuration list for PBXProject "PanasDingin" */ = {
			isa = XCConfigurationList;
			buildConfigurations = (
				EC828C052BF4BEF0009A4E89 /* Debug */,
				EC828C062BF4BEF0009A4E89 /* Release */,
			);
			defaultConfigurationIsVisible = 0;
			defaultConfigurationName = Release;
		};
		EC828C072BF4BEF0009A4E89 /* Build configuration list for PBXNativeTarget "PanasDingin Watch App" */ = {
			isa = XCConfigurationList;
			buildConfigurations = (
				EC828C082BF4BEF0009A4E89 /* Debug */,
				EC828C092BF4BEF0009A4E89 /* Release */,
			);
			defaultConfigurationIsVisible = 0;
			defaultConfigurationName = Release;
		};
		EC828C0B2BF4BEF0009A4E89 /* Build configuration list for PBXNativeTarget "PanasDingin" */ = {
			isa = XCConfigurationList;
			buildConfigurations = (
				EC828C0C2BF4BEF0009A4E89 /* Debug */,
				EC828C0D2BF4BEF0009A4E89 /* Release */,
			);
			defaultConfigurationIsVisible = 0;
			defaultConfigurationName = Release;
		};
/* End XCConfigurationList section */
	};
	rootObject = EC828BEB2BF4BEEF009A4E89 /* Project object */;
}
